// !$*UTF8*$!
{
	archiveVersion = 1;
	classes = {
	};
	objectVersion = 77;
	objects = {

/* Begin PBXBuildFile section */
		3BC51E0B2F83FE0300D98EF4 /* WhatToTest.en-US.txt in Resources */ = {isa = PBXBuildFile; fileRef = 3BC51E092F83FE0300D98EF4 /* WhatToTest.en-US.txt */; };
		EA70488E96AF16F2B216C4C1 /* Foundation.framework in Frameworks */ = {isa = PBXBuildFile; fileRef = 56B7A4C60F4DDA940AB3099D /* Foundation.framework */; };
/* End PBXBuildFile section */

/* Begin PBXContainerItemProxy section */
		E118F2BD7024ABDE4C20443B /* PBXContainerItemProxy */ = {
			isa = PBXContainerItemProxy;
			containerPortal = 3B1570CA2F1D487300479B89 /* Project object */;
			proxyType = 1;
			remoteGlobalIDString = 3B1570D12F1D487300479B89;
			remoteInfo = Based;
		};
/* End PBXContainerItemProxy section */

/* Begin PBXFileReference section */
		3B1570D22F1D487300479B89 /* Based.app */ = {isa = PBXFileReference; explicitFileType = wrapper.application; includeInIndex = 0; path = Based.app; sourceTree = BUILT_PRODUCTS_DIR; };
		3BC51E092F83FE0300D98EF4 /* WhatToTest.en-US.txt */ = {isa = PBXFileReference; lastKnownFileType = text; path = "WhatToTest.en-US.txt"; sourceTree = "<group>"; };
		3FBE6F44CF79742E25BA7DAA /* BasedTests.xctest */ = {isa = PBXFileReference; explicitFileType = wrapper.cfbundle; includeInIndex = 0; path = BasedTests.xctest; sourceTree = BUILT_PRODUCTS_DIR; };
		56B7A4C60F4DDA940AB3099D /* Foundation.framework */ = {isa = PBXFileReference; lastKnownFileType = wrapper.framework; name = Foundation.framework; path = Platforms/iPhoneOS.platform/Developer/SDKs/iPhoneOS26.0.sdk/System/Library/Frameworks/Foundation.framework; sourceTree = DEVELOPER_DIR; };
/* End PBXFileReference section */

/* Begin PBXFileSystemSynchronizedBuildFileExceptionSet section */
		3B1570E42F1D487400479B89 /* Exceptions for "Based" folder in "Based" target */ = {
			isa = PBXFileSystemSynchronizedBuildFileExceptionSet;
			membershipExceptions = (
				Info.plist,
			);
			target = 3B1570D12F1D487300479B89 /* Based */;
		};
/* End PBXFileSystemSynchronizedBuildFileExceptionSet section */

/* Begin PBXFileSystemSynchronizedRootGroup section */
		3B1570D42F1D487300479B89 /* Based */ = {
			isa = PBXFileSystemSynchronizedRootGroup;
			exceptions = (
				3B1570E42F1D487400479B89 /* Exceptions for "Based" folder in "Based" target */,
			);
			path = Based;
			sourceTree = "<group>";
		};
		78CFA08F0511ED456B4B8C63 /* BasedTests */ = {
			isa = PBXFileSystemSynchronizedRootGroup;
			path = BasedTests;
			sourceTree = "<group>";
		};
/* End PBXFileSystemSynchronizedRootGroup section */

/* Begin PBXFrameworksBuildPhase section */
		3236033B271D7182006CF6AD /* Frameworks */ = {
			isa = PBXFrameworksBuildPhase;
			buildActionMask = 2147483647;
			files = (
				EA70488E96AF16F2B216C4C1 /* Foundation.framework in Frameworks */,
			);
			runOnlyForDeploymentPostprocessing = 0;
		};
		3B1570CF2F1D487300479B89 /* Frameworks */ = {
			isa = PBXFrameworksBuildPhase;
			buildActionMask = 2147483647;
			files = (
			);
			runOnlyForDeploymentPostprocessing = 0;
		};
/* End PBXFrameworksBuildPhase section */

/* Begin PBXGroup section */
		1263776F2681F294D98AD561 /* Frameworks */ = {
			isa = PBXGroup;
			children = (
				464FAAE65FB5D89857D33FD5 /* iOS */,
			);
			name = Frameworks;
			sourceTree = "<group>";
		};
		3B1570C92F1D487300479B89 = {
			isa = PBXGroup;
			children = (
				3BC51E0A2F83FE0300D98EF4 /* TestFlight */,
				3B1570D42F1D487300479B89 /* Based */,
				3B1570D32F1D487300479B89 /* Products */,
				1263776F2681F294D98AD561 /* Frameworks */,
				78CFA08F0511ED456B4B8C63 /* BasedTests */,
			);
			sourceTree = "<group>";
		};
		3B1570D32F1D487300479B89 /* Products */ = {
			isa = PBXGroup;
			children = (
				3B1570D22F1D487300479B89 /* Based.app */,
				3FBE6F44CF79742E25BA7DAA /* BasedTests.xctest */,
			);
			name = Products;
			sourceTree = "<group>";
		};
		3BC51E0A2F83FE0300D98EF4 /* TestFlight */ = {
			isa = PBXGroup;
			children = (
				3BC51E092F83FE0300D98EF4 /* WhatToTest.en-US.txt */,
			);
			path = TestFlight;
			sourceTree = "<group>";
		};
		464FAAE65FB5D89857D33FD5 /* iOS */ = {
			isa = PBXGroup;
			children = (
				56B7A4C60F4DDA940AB3099D /* Foundation.framework */,
			);
			name = iOS;
			sourceTree = "<group>";
		};
/* End PBXGroup section */

/* Begin PBXNativeTarget section */
		34C6B7EB35648F5F703777FA /* BasedTests */ = {
			isa = PBXNativeTarget;
			buildConfigurationList = 629872976560A7DD7CC721C2 /* Build configuration list for PBXNativeTarget "BasedTests" */;
			buildPhases = (
				18E377E2503B04EA5AF74C8D /* Sources */,
				3236033B271D7182006CF6AD /* Frameworks */,
				D5815E6D9892AC8274DABC78 /* Resources */,
			);
			buildRules = (
			);
			dependencies = (
				E2B716E7542E955D04170C00 /* PBXTargetDependency */,
			);
			fileSystemSynchronizedGroups = (
				78CFA08F0511ED456B4B8C63 /* BasedTests */,
			);
			name = BasedTests;
			productName = BasedTests;
			productReference = 3FBE6F44CF79742E25BA7DAA /* BasedTests.xctest */;
			productType = "com.apple.product-type.bundle.unit-test";
		};
		3B1570D12F1D487300479B89 /* Based */ = {
			isa = PBXNativeTarget;
			buildConfigurationList = 3B1570E52F1D487400479B89 /* Build configuration list for PBXNativeTarget "Based" */;
			buildPhases = (
				3B1570CE2F1D487300479B89 /* Sources */,
				3B1570CF2F1D487300479B89 /* Frameworks */,
				3B1570D02F1D487300479B89 /* Resources */,
			);
			buildRules = (
			);
			dependencies = (
			);
			fileSystemSynchronizedGroups = (
				3B1570D42F1D487300479B89 /* Based */,
			);
			name = Based;
			packageProductDependencies = (
			);
			productName = Based;
			productReference = 3B1570D22F1D487300479B89 /* Based.app */;
			productType = "com.apple.product-type.application";
		};
/* End PBXNativeTarget section */

/* Begin PBXProject section */
		3B1570CA2F1D487300479B89 /* Project object */ = {
			isa = PBXProject;
			attributes = {
				BuildIndependentTargetsInParallel = 1;
				LastSwiftUpdateCheck = 2620;
				LastUpgradeCheck = 2640;
				TargetAttributes = {
					3B1570D12F1D487300479B89 = {
						CreatedOnToolsVersion = 26.2;
					};
				};
			};
			buildConfigurationList = 3B1570CD2F1D487300479B89 /* Build configuration list for PBXProject "Based" */;
			developmentRegion = en;
			hasScannedForEncodings = 0;
			knownRegions = (
				en,
				Base,
			);
			mainGroup = 3B1570C92F1D487300479B89;
			minimizedProjectReferenceProxies = 1;
			preferredProjectObjectVersion = 77;
			productRefGroup = 3B1570D32F1D487300479B89 /* Products */;
			projectDirPath = "";
			projectRoot = "";
			targets = (
				3B1570D12F1D487300479B89 /* Based */,
				34C6B7EB35648F5F703777FA /* BasedTests */,
			);
		};
/* End PBXProject section */

/* Begin PBXResourcesBuildPhase section */
		3B1570D02F1D487300479B89 /* Resources */ = {
			isa = PBXResourcesBuildPhase;
			buildActionMask = 2147483647;
			files = (
				3BC51E0B2F83FE0300D98EF4 /* WhatToTest.en-US.txt in Resources */,
			);
			runOnlyForDeploymentPostprocessing = 0;
		};
		D5815E6D9892AC8274DABC78 /* Resources */ = {
			isa = PBXResourcesBuildPhase;
			buildActionMask = 2147483647;
			files = (
			);
			runOnlyForDeploymentPostprocessing = 0;
		};
/* End PBXResourcesBuildPhase section */

/* Begin PBXSourcesBuildPhase section */
		18E377E2503B04EA5AF74C8D /* Sources */ = {
			isa = PBXSourcesBuildPhase;
			buildActionMask = 2147483647;
			files = (
			);
			runOnlyForDeploymentPostprocessing = 0;
		};
		3B1570CE2F1D487300479B89 /* Sources */ = {
			isa = PBXSourcesBuildPhase;
			buildActionMask = 2147483647;
			files = (
			);
			runOnlyForDeploymentPostprocessing = 0;
		};
/* End PBXSourcesBuildPhase section */

/* Begin PBXTargetDependency section */
		E2B716E7542E955D04170C00 /* PBXTargetDependency */ = {
			isa = PBXTargetDependency;
			name = Based;
			target = 3B1570D12F1D487300479B89 /* Based */;
			targetProxy = E118F2BD7024ABDE4C20443B /* PBXContainerItemProxy */;
		};
/* End PBXTargetDependency section */

/* Begin XCBuildConfiguration section */
		0C2C737FF0D54ADB2FBB2FFC /* Release */ = {
			isa = XCBuildConfiguration;
			buildSettings = {
				BUNDLE_LOADER = "$(TEST_HOST)";
				CODE_SIGN_IDENTITY = "";
				CODE_SIGN_STYLE = Automatic;
				GENERATE_INFOPLIST_FILE = YES;
				IPHONEOS_DEPLOYMENT_TARGET = 26.2;
				PRODUCT_BUNDLE_IDENTIFIER = com.colinsentme.BasedTests;
				PRODUCT_NAME = "$(TARGET_NAME)";
				SDKROOT = iphoneos;
				SWIFT_VERSION = 5.0;
				TARGETED_DEVICE_FAMILY = "1,2";
				TEST_HOST = "$(BUILT_PRODUCTS_DIR)/Based.app/Based";
				VALIDATE_PRODUCT = YES;
			};
			name = Release;
		};
		3B1570E62F1D487400479B89 /* Debug */ = {
			isa = XCBuildConfiguration;
			buildSettings = {
				ASSETCATALOG_COMPILER_APPICON_NAME = AppIcon;
				ASSETCATALOG_COMPILER_GLOBAL_ACCENT_COLOR_NAME = AccentColor;
				CODE_SIGN_STYLE = Automatic;
				CURRENT_PROJECT_VERSION = 10;
				DEVELOPMENT_TEAM = 8N5324BXCH;
				GENERATE_INFOPLIST_FILE = YES;
				INFOPLIST_FILE = Based/Info.plist;
				INFOPLIST_KEY_CFBundleDisplayName = Based;
				INFOPLIST_KEY_ITSAppUsesNonExemptEncryption = NO;
				INFOPLIST_KEY_LSApplicationCategoryType = "public.app-category.sports";
				INFOPLIST_KEY_UIApplicationSupportsIndirectInputEvents = YES;
				INFOPLIST_KEY_UISupportedInterfaceOrientations = UIInterfaceOrientationPortrait;
				INFOPLIST_KEY_UISupportedInterfaceOrientations_iPad = "UIInterfaceOrientationLandscapeLeft UIInterfaceOrientationLandscapeRight UIInterfaceOrientationPortrait UIInterfaceOrientationPortraitUpsideDown";
				LD_RUNPATH_SEARCH_PATHS = (
					"$(inherited)",
					"@executable_path/Frameworks",
				);
				MARKETING_VERSION = 1.5.2;
				PRODUCT_BUNDLE_IDENTIFIER = com.colinsentme.Based;
				PRODUCT_NAME = "$(TARGET_NAME)";
				STRING_CATALOG_GENERATE_SYMBOLS = YES;
				SUPPORTED_PLATFORMS = "iphoneos iphonesimulator";
				SUPPORTS_MACCATALYST = NO;
				SUPPORTS_MAC_DESIGNED_FOR_IPHONE_IPAD = NO;
				SUPPORTS_XR_DESIGNED_FOR_IPHONE_IPAD = NO;
				SWIFT_APPROACHABLE_CONCURRENCY = YES;
				SWIFT_DEFAULT_ACTOR_ISOLATION = MainActor;
				SWIFT_EMIT_LOC_STRINGS = YES;
				SWIFT_UPCOMING_FEATURE_MEMBER_IMPORT_VISIBILITY = YES;
				SWIFT_VERSION = 5.0;
				TARGETED_DEVICE_FAMILY = 1;
			};
			name = Debug;
		};
		3B1570E72F1D487400479B89 /* Release */ = {
			isa = XCBuildConfiguration;
			buildSettings = {
				ASSETCATALOG_COMPILER_APPICON_NAME = AppIcon;
				ASSETCATALOG_COMPILER_GLOBAL_ACCENT_COLOR_NAME = AccentColor;
				CODE_SIGN_STYLE = Automatic;
				CURRENT_PROJECT_VERSION = 10;
				DEVELOPMENT_TEAM = 8N5324BXCH;
				GENERATE_INFOPLIST_FILE = YES;
				INFOPLIST_FILE = Based/Info.plist;
				INFOPLIST_KEY_CFBundleDisplayName = Based;
				INFOPLIST_KEY_ITSAppUsesNonExemptEncryption = NO;
				INFOPLIST_KEY_LSApplicationCategoryType = "public.app-category.sports";
				INFOPLIST_KEY_UIApplicationSupportsIndirectInputEvents = YES;
				INFOPLIST_KEY_UISupportedInterfaceOrientations = UIInterfaceOrientationPortrait;
				INFOPLIST_KEY_UISupportedInterfaceOrientations_iPad = "UIInterfaceOrientationLandscapeLeft UIInterfaceOrientationLandscapeRight UIInterfaceOrientationPortrait UIInterfaceOrientationPortraitUpsideDown";
				LD_RUNPATH_SEARCH_PATHS = (
					"$(inherited)",
					"@executable_path/Frameworks",
				);
				MARKETING_VERSION = 1.5.2;
				PRODUCT_BUNDLE_IDENTIFIER = com.colinsentme.Based;
				PRODUCT_NAME = "$(TARGET_NAME)";
				STRING_CATALOG_GENERATE_SYMBOLS = YES;
				SUPPORTED_PLATFORMS = "iphoneos iphonesimulator";
				SUPPORTS_MACCATALYST = NO;
				SUPPORTS_MAC_DESIGNED_FOR_IPHONE_IPAD = NO;
				SUPPORTS_XR_DESIGNED_FOR_IPHONE_IPAD = NO;
				SWIFT_APPROACHABLE_CONCURRENCY = YES;
				SWIFT_DEFAULT_ACTOR_ISOLATION = MainActor;
				SWIFT_EMIT_LOC_STRINGS = YES;
				SWIFT_UPCOMING_FEATURE_MEMBER_IMPORT_VISIBILITY = YES;
				SWIFT_VERSION = 5.0;
				TARGETED_DEVICE_FAMILY = 1;
			};
			name = Release;
		};
		3B1570E82F1D487400479B89 /* Debug */ = {
			isa = XCBuildConfiguration;
			buildSettings = {
				ALWAYS_SEARCH_USER_PATHS = NO;
				ASSETCATALOG_COMPILER_GENERATE_SWIFT_ASSET_SYMBOL_EXTENSIONS = YES;
				CLANG_ANALYZER_NONNULL = YES;
				CLANG_ANALYZER_NUMBER_OBJECT_CONVERSION = YES_AGGRESSIVE;
				CLANG_CXX_LANGUAGE_STANDARD = "gnu++20";
				CLANG_ENABLE_MODULES = YES;
				CLANG_ENABLE_OBJC_ARC = YES;
				CLANG_ENABLE_OBJC_WEAK = YES;
				CLANG_WARN_BLOCK_CAPTURE_AUTORELEASING = YES;
				CLANG_WARN_BOOL_CONVERSION = YES;
				CLANG_WARN_COMMA = YES;
				CLANG_WARN_CONSTANT_CONVERSION = YES;
				CLANG_WARN_DEPRECATED_OBJC_IMPLEMENTATIONS = YES;
				CLANG_WARN_DIRECT_OBJC_ISA_USAGE = YES_ERROR;
				CLANG_WARN_DOCUMENTATION_COMMENTS = YES;
				CLANG_WARN_EMPTY_BODY = YES;
				CLANG_WARN_ENUM_CONVERSION = YES;
				CLANG_WARN_INFINITE_RECURSION = YES;
				CLANG_WARN_INT_CONVERSION = YES;
				CLANG_WARN_NON_LITERAL_NULL_CONVERSION = YES;
				CLANG_WARN_OBJC_IMPLICIT_RETAIN_SELF = YES;
				CLANG_WARN_OBJC_LITERAL_CONVERSION = YES;
				CLANG_WARN_OBJC_ROOT_CLASS = YES_ERROR;
				CLANG_WARN_QUOTED_INCLUDE_IN_FRAMEWORK_HEADER = YES;
				CLANG_WARN_RANGE_LOOP_ANALYSIS = YES;
				CLANG_WARN_STRICT_PROTOTYPES = YES;
				CLANG_WARN_SUSPICIOUS_MOVE = YES;
				CLANG_WARN_UNGUARDED_AVAILABILITY = YES_AGGRESSIVE;
				CLANG_WARN_UNREACHABLE_CODE = YES;
				CLANG_WARN__DUPLICATE_METHOD_MATCH = YES;
				COPY_PHASE_STRIP = NO;
				DEBUG_INFORMATION_FORMAT = dwarf;
				DEVELOPMENT_TEAM = 8N5324BXCH;
				ENABLE_STRICT_OBJC_MSGSEND = YES;
				ENABLE_TESTABILITY = YES;
				ENABLE_USER_SCRIPT_SANDBOXING = YES;
				GCC_C_LANGUAGE_STANDARD = gnu17;
				GCC_DYNAMIC_NO_PIC = NO;
				GCC_NO_COMMON_BLOCKS = YES;
				GCC_OPTIMIZATION_LEVEL = 0;
				GCC_PREPROCESSOR_DEFINITIONS = (
					"DEBUG=1",
					"$(inherited)",
				);
				GCC_WARN_64_TO_32_BIT_CONVERSION = YES;
				GCC_WARN_ABOUT_RETURN_TYPE = YES_ERROR;
				GCC_WARN_UNDECLARED_SELECTOR = YES;
				GCC_WARN_UNINITIALIZED_AUTOS = YES_AGGRESSIVE;
				GCC_WARN_UNUSED_FUNCTION = YES;
				GCC_WARN_UNUSED_VARIABLE = YES;
				IPHONEOS_DEPLOYMENT_TARGET = 26.2;
				LOCALIZATION_PREFERS_STRING_CATALOGS = YES;
				MTL_ENABLE_DEBUG_INFO = INCLUDE_SOURCE;
				MTL_FAST_MATH = YES;
				ONLY_ACTIVE_ARCH = YES;
				SDKROOT = iphoneos;
				STRING_CATALOG_GENERATE_SYMBOLS = YES;
				SWIFT_ACTIVE_COMPILATION_CONDITIONS = "DEBUG $(inherited)";
				SWIFT_OPTIMIZATION_LEVEL = "-Onone";
			};
			name = Debug;
		};
		3B1570E92F1D487400479B89 /* Release */ = {
			isa = XCBuildConfiguration;
			buildSettings = {
				ALWAYS_SEARCH_USER_PATHS = NO;
				ASSETCATALOG_COMPILER_GENERATE_SWIFT_ASSET_SYMBOL_EXTENSIONS = YES;
				CLANG_ANALYZER_NONNULL = YES;
				CLANG_ANALYZER_NUMBER_OBJECT_CONVERSION = YES_AGGRESSIVE;
				CLANG_CXX_LANGUAGE_STANDARD = "gnu++20";
				CLANG_ENABLE_MODULES = YES;
				CLANG_ENABLE_OBJC_ARC = YES;
				CLANG_ENABLE_OBJC_WEAK = YES;
				CLANG_WARN_BLOCK_CAPTURE_AUTORELEASING = YES;
				CLANG_WARN_BOOL_CONVERSION = YES;
				CLANG_WARN_COMMA = YES;
				CLANG_WARN_CONSTANT_CONVERSION = YES;
				CLANG_WARN_DEPRECATED_OBJC_IMPLEMENTATIONS = YES;
				CLANG_WARN_DIRECT_OBJC_ISA_USAGE = YES_ERROR;
				CLANG_WARN_DOCUMENTATION_COMMENTS = YES;
				CLANG_WARN_EMPTY_BODY = YES;
				CLANG_WARN_ENUM_CONVERSION = YES;
				CLANG_WARN_INFINITE_RECURSION = YES;
				CLANG_WARN_INT_CONVERSION = YES;
				CLANG_WARN_NON_LITERAL_NULL_CONVERSION = YES;
				CLANG_WARN_OBJC_IMPLICIT_RETAIN_SELF = YES;
				CLANG_WARN_OBJC_LITERAL_CONVERSION = YES;
				CLANG_WARN_OBJC_ROOT_CLASS = YES_ERROR;
				CLANG_WARN_QUOTED_INCLUDE_IN_FRAMEWORK_HEADER = YES;
				CLANG_WARN_RANGE_LOOP_ANALYSIS = YES;
				CLANG_WARN_STRICT_PROTOTYPES = YES;
				CLANG_WARN_SUSPICIOUS_MOVE = YES;
				CLANG_WARN_UNGUARDED_AVAILABILITY = YES_AGGRESSIVE;
				CLANG_WARN_UNREACHABLE_CODE = YES;
				CLANG_WARN__DUPLICATE_METHOD_MATCH = YES;
				COPY_PHASE_STRIP = NO;
				DEBUG_INFORMATION_FORMAT = "dwarf-with-dsym";
				DEVELOPMENT_TEAM = 8N5324BXCH;
				ENABLE_NS_ASSERTIONS = NO;
				ENABLE_STRICT_OBJC_MSGSEND = YES;
				ENABLE_USER_SCRIPT_SANDBOXING = YES;
				GCC_C_LANGUAGE_STANDARD = gnu17;
				GCC_NO_COMMON_BLOCKS = YES;
				GCC_WARN_64_TO_32_BIT_CONVERSION = YES;
				GCC_WARN_ABOUT_RETURN_TYPE = YES_ERROR;
				GCC_WARN_UNDECLARED_SELECTOR = YES;
				GCC_WARN_UNINITIALIZED_AUTOS = YES_AGGRESSIVE;
				GCC_WARN_UNUSED_FUNCTION = YES;
				GCC_WARN_UNUSED_VARIABLE = YES;
				IPHONEOS_DEPLOYMENT_TARGET = 26.2;
				LOCALIZATION_PREFERS_STRING_CATALOGS = YES;
				MTL_ENABLE_DEBUG_INFO = NO;
				MTL_FAST_MATH = YES;
				SDKROOT = iphoneos;
				STRING_CATALOG_GENERATE_SYMBOLS = YES;
				SWIFT_COMPILATION_MODE = wholemodule;
				VALIDATE_PRODUCT = YES;
			};
			name = Release;
		};
		81FCDA421DCA749465C2DB5C /* Debug */ = {
			isa = XCBuildConfiguration;
			buildSettings = {
				BUNDLE_LOADER = "$(TEST_HOST)";
				CODE_SIGN_IDENTITY = "";
				CODE_SIGN_STYLE = Automatic;
				GENERATE_INFOPLIST_FILE = YES;
				IPHONEOS_DEPLOYMENT_TARGET = 26.2;
				PRODUCT_BUNDLE_IDENTIFIER = com.colinsentme.BasedTests;
				PRODUCT_NAME = "$(TARGET_NAME)";
				SDKROOT = iphoneos;
				SWIFT_VERSION = 5.0;
				TARGETED_DEVICE_FAMILY = "1,2";
				TEST_HOST = "$(BUILT_PRODUCTS_DIR)/Based.app/Based";
			};
			name = Debug;
		};
/* End XCBuildConfiguration section */

/* Begin XCConfigurationList section */
		3B1570CD2F1D487300479B89 /* Build configuration list for PBXProject "Based" */ = {
			isa = XCConfigurationList;
			buildConfigurations = (
				3B1570E82F1D487400479B89 /* Debug */,
				3B1570E92F1D487400479B89 /* Release */,
			);
			defaultConfigurationIsVisible = 0;
			defaultConfigurationName = Release;
		};
		3B1570E52F1D487400479B89 /* Build configuration list for PBXNativeTarget "Based" */ = {
			isa = XCConfigurationList;
			buildConfigurations = (
				3B1570E62F1D487400479B89 /* Debug */,
				3B1570E72F1D487400479B89 /* Release */,
			);
			defaultConfigurationIsVisible = 0;
			defaultConfigurationName = Release;
		};
		629872976560A7DD7CC721C2 /* Build configuration list for PBXNativeTarget "BasedTests" */ = {
			isa = XCConfigurationList;
			buildConfigurations = (
				0C2C737FF0D54ADB2FBB2FFC /* Release */,
				81FCDA421DCA749465C2DB5C /* Debug */,
			);
			defaultConfigurationIsVisible = 0;
			defaultConfigurationName = Release;
		};
/* End XCConfigurationList section */
	};
	rootObject = 3B1570CA2F1D487300479B89 /* Project object */;
}
